
Microsoft Visual Studio Solution File, Format Version 12.00
# Visual Studio Version 17
VisualStudioVersion = 17.8.34601.278
MinimumVisualStudioVersion = 10.0.40219.1
Project("{FAE04EC0-301F-11D3-BF4B-00C04F79EFBC}") = "lab8part1", "lab8part1\lab8part1.csproj", "{243C5D63-1C96-48B8-AA47-A46D469FD33F}"
EndProject
Global
	GlobalSection(SolutionConfigurationPlatforms) = preSolution
		Debug|Any CPU = Debug|Any CPU
		Release|Any CPU = Release|Any CPU
	EndGlobalSection
	GlobalSection(ProjectConfigurationPlatforms) = postSolution
		{243C5D63-1C96-48B8-AA47-A46D469FD33F}.Debug|Any CPU.ActiveCfg = Debug|Any CPU
		{243C5D63-1C96-48B8-AA47-A46D469FD33F}.Debug|Any CPU.Build.0 = Debug|Any CPU
		{243C5D63-1C96-48B8-AA47-A46D469FD33F}.Release|Any CPU.ActiveCfg = Release|Any CPU
		{243C5D63-1C96-48B8-AA47-A46D469FD33F}.Release|Any CPU.Build.0 = Release|Any CPU
	EndGlobalSection
	GlobalSection(SolutionProperties) = preSolution
		HideSolutionNode = FALSE
	EndGlobalSection
	GlobalSection(ExtensibilityGlobals) = postSolution
		SolutionGuid = {912BF21B-8D98-49BF-8FEC-B092B8BCC39D}
	EndGlobalSection
EndGlobal
