
Microsoft Visual Studio Solution File, Format Version 12.00
# Visual Studio Version 17
VisualStudioVersion = 17.8.34601.278
MinimumVisualStudioVersion = 10.0.40219.1
Project("{FAE04EC0-301F-11D3-BF4B-00C04F79EFBC}") = "laba88888888888", "laba88888888888\laba88888888888.csproj", "{2EFA40E8-81B0-4E54-ADA6-E62E4E0B7FB1}"
EndProject
Global
	GlobalSection(SolutionConfigurationPlatforms) = preSolution
		Debug|Any CPU = Debug|Any CPU
		Release|Any CPU = Release|Any CPU
	EndGlobalSection
	GlobalSection(ProjectConfigurationPlatforms) = postSolution
		{2EFA40E8-81B0-4E54-ADA6-E62E4E0B7FB1}.Debug|Any CPU.ActiveCfg = Debug|Any CPU
		{2EFA40E8-81B0-4E54-ADA6-E62E4E0B7FB1}.Debug|Any CPU.Build.0 = Debug|Any CPU
		{2EFA40E8-81B0-4E54-ADA6-E62E4E0B7FB1}.Release|Any CPU.ActiveCfg = Release|Any CPU
		{2EFA40E8-81B0-4E54-ADA6-E62E4E0B7FB1}.Release|Any CPU.Build.0 = Release|Any CPU
	EndGlobalSection
	GlobalSection(SolutionProperties) = preSolution
		HideSolutionNode = FALSE
	EndGlobalSection
	GlobalSection(ExtensibilityGlobals) = postSolution
		SolutionGuid = {4DF14D60-75D3-410D-B081-A602622FF6B6}
	EndGlobalSection
EndGlobal
